
Microsoft Visual Studio Solution File, Format Version 12.00
# Visual Studio Version 16
VisualStudioVersion = 16.0.30907.101
MinimumVisualStudioVersion = 10.0.40219.1
Project("{FAE04EC0-301F-11D3-BF4B-00C04F79EFBC}") = "YodleeSetup", "YodleeSetup\YodleeSetup.csproj", "{8C297690-6AD8-4342-9B55-CD62D80DCECA}"
EndProject
Global
	GlobalSection(SolutionConfigurationPlatforms) = preSolution
		Debug|Any CPU = Debug|Any CPU
		Release|Any CPU = Release|Any CPU
	EndGlobalSection
	GlobalSection(ProjectConfigurationPlatforms) = postSolution
		{8C297690-6AD8-4342-9B55-CD62D80DCECA}.Debug|Any CPU.ActiveCfg = Debug|Any CPU
		{8C297690-6AD8-4342-9B55-CD62D80DCECA}.Debug|Any CPU.Build.0 = Debug|Any CPU
		{8C297690-6AD8-4342-9B55-CD62D80DCECA}.Release|Any CPU.ActiveCfg = Release|Any CPU
		{8C297690-6AD8-4342-9B55-CD62D80DCECA}.Release|Any CPU.Build.0 = Release|Any CPU
	EndGlobalSection
	GlobalSection(SolutionProperties) = preSolution
		HideSolutionNode = FALSE
	EndGlobalSection
	GlobalSection(ExtensibilityGlobals) = postSolution
		SolutionGuid = {F38BED80-7A70-4A85-BCF6-BBACA45E5BE7}
	EndGlobalSection
EndGlobal
